{
  "requires": true,
  "lockfileVersion": 1,
  "dependencies": {
    "eslint-plugin-react-native": {
      "version": "3.2.1",
      "resolved":
        "https://registry.npmjs.org/eslint-plugin-react-native/-/eslint-plugin-react-native-3.2.1.tgz",
      "integrity":
        "sha512-1AnJO3JUCAoLpyOEsWCwN9hPJ0aQ72OT+JvLMuHjEWYb6QWxiNOszp24CEwegMzbREtJKI9OoRqYYDYxMxmjgQ==",
      "requires": {
        "eslint-plugin-react-native-globals": "0.1.2"
      }
    },
    "eslint-plugin-react-native-globals": {
      "version": "0.1.2",
      "resolved":
        "https://registry.npmjs.org/eslint-plugin-react-native-globals/-/eslint-plugin-react-native-globals-0.1.2.tgz",
      "integrity":
        "sha512-9aEPf1JEpiTjcFAmmyw8eiIXmcNZOqaZyHO77wgm0/dWfT/oxC1SrIq8ET38pMxHYrcB6Uew+TzUVsBeczF88g=="
    }
  }
}
