# THIS IS AN AUTOGENERATED FILE. DO NOT EDIT THIS FILE DIRECTLY.
# yarn lockfile v1


eslint-plugin-react-native-globals@^0.1.1:
  version "0.1.2"
  resolved "https://registry.yarnpkg.com/eslint-plugin-react-native-globals/-/eslint-plugin-react-native-globals-0.1.2.tgz#ee1348bc2ceb912303ce6bdbd22e2f045ea86ea2"
  integrity sha512-9aEPf1JEpiTjcFAmmyw8eiIXmcNZOqaZyHO77wgm0/dWfT/oxC1SrIq8ET38pMxHYrcB6Uew+TzUVsBeczF88g==

eslint-plugin-react-native@3.7.0:
  version "3.7.0"
  resolved "https://registry.yarnpkg.com/eslint-plugin-react-native/-/eslint-plugin-react-native-3.7.0.tgz#7e2cc1f3cf24919c4c0ea7fac13301e7444e105f"
  integrity sha512-krLtQmGih/uJDPxF8DBpnU8J3kRUsDm/Dey5yEhOO8LN1I3Wesbk4PGCg8Zah57azKFU+9YtGooFjJcDJWUs+g==
  dependencies:
    eslint-plugin-react-native-globals "^0.1.1"
