# THIS IS AN AUTOGENERATED FILE. DO NOT EDIT THIS FILE DIRECTLY.
# yarn lockfile v1


eslint-plugin-react-native-globals@^0.1.1:
  version "0.1.2"
  resolved "https://registry.yarnpkg.com/eslint-plugin-react-native-globals/-/eslint-plugin-react-native-globals-0.1.2.tgz#ee1348bc2ceb912303ce6bdbd22e2f045ea86ea2"

eslint-plugin-react-native@~3.2.1:
  version "3.2.1"
  resolved "https://registry.yarnpkg.com/eslint-plugin-react-native/-/eslint-plugin-react-native-3.2.1.tgz#04fcadd3285b7cd2f27146e640c941b00acc4e7e"
  dependencies:
    eslint-plugin-react-native-globals "^0.1.1"
