# THIS IS AN AUTOGENERATED FILE. DO NOT EDIT THIS FILE DIRECTLY.
# yarn lockfile v1


eslint-plugin-react-native-globals@^0.1.1:
  version "0.1.2"
  resolved "https://registry.yarnpkg.com/eslint-plugin-react-native-globals/-/eslint-plugin-react-native-globals-0.1.2.tgz#ee1348bc2ceb912303ce6bdbd22e2f045ea86ea2"
  integrity sha512-9aEPf1JEpiTjcFAmmyw8eiIXmcNZOqaZyHO77wgm0/dWfT/oxC1SrIq8ET38pMxHYrcB6Uew+TzUVsBeczF88g==

eslint-plugin-react-native@4.1.0:
  version "4.1.0"
  resolved "https://registry.yarnpkg.com/eslint-plugin-react-native/-/eslint-plugin-react-native-4.1.0.tgz#5343acd3b2246bc1b857ac38be708f070d18809f"
  integrity sha512-QLo7rzTBOl43FvVqDdq5Ql9IoElIuTdjrz9SKAXCvULvBoRZ44JGSkx9z4999ZusCsb4rK3gjS8gOGyeYqZv2Q==
  dependencies:
    eslint-plugin-react-native-globals "^0.1.1"
