{
  "requires": true,
  "lockfileVersion": 1,
  "dependencies": {
    "aria-query": {
      "version": "0.7.1",
      "resolved":
        "https://registry.npmjs.org/aria-query/-/aria-query-0.7.1.tgz",
      "integrity": "sha1-Jsu1r/ZBRLCoJb4YRuCxbPoAsR4=",
      "requires": {
        "ast-types-flow": "0.0.7",
        "commander": "2.15.1"
      }
    },
    "array-includes": {
      "version": "3.0.3",
      "resolved":
        "https://registry.npmjs.org/array-includes/-/array-includes-3.0.3.tgz",
      "integrity": "sha1-GEtI9i2S10UrsxsyMWXH+L0CJm0=",
      "requires": {
        "define-properties": "1.1.2",
        "es-abstract": "1.11.0"
      }
    },
    "asap": {
      "version": "2.0.6",
      "resolved": "https://registry.npmjs.org/asap/-/asap-2.0.6.tgz",
      "integrity": "sha1-5QNHYR1+aQlDIIu9r+vLwvuGbUY="
    },
    "ast-types-flow": {
      "version": "0.0.7",
      "resolved":
        "https://registry.npmjs.org/ast-types-flow/-/ast-types-flow-0.0.7.tgz",
      "integrity": "sha1-9wtzXGvKGlycItmCw+Oef+ujva0="
    },
    "axobject-query": {
      "version": "0.1.0",
      "resolved":
        "https://registry.npmjs.org/axobject-query/-/axobject-query-0.1.0.tgz",
      "integrity": "sha1-YvWdvFnJ+SQnWco0mWDnov48NsA=",
      "requires": {
        "ast-types-flow": "0.0.7"
      }
    },
    "commander": {
      "version": "2.15.1",
      "resolved": "https://registry.npmjs.org/commander/-/commander-2.15.1.tgz",
      "integrity":
        "sha512-VlfT9F3V0v+jr4yxPc5gg9s62/fIVWsd2Bk2iD435um1NlGMYdVCq+MjcXnhYq2icNOizHr1kK+5TI6H0Hy0ag=="
    },
    "core-js": {
      "version": "1.2.7",
      "resolved": "https://registry.npmjs.org/core-js/-/core-js-1.2.7.tgz",
      "integrity": "sha1-ZSKUwUZR2yj6k70tX/KYOk8IxjY="
    },
    "damerau-levenshtein": {
      "version": "1.0.4",
      "resolved":
        "https://registry.npmjs.org/damerau-levenshtein/-/damerau-levenshtein-1.0.4.tgz",
      "integrity": "sha1-AxkcQyy27qFou3fzpV/9zLiXhRQ="
    },
    "define-properties": {
      "version": "1.1.2",
      "resolved":
        "https://registry.npmjs.org/define-properties/-/define-properties-1.1.2.tgz",
      "integrity": "sha1-g6c/L+pWmJj7c3GTyPhzyvbUXJQ=",
      "requires": {
        "foreach": "2.0.5",
        "object-keys": "1.0.11"
      }
    },
    "doctrine": {
      "version": "2.1.0",
      "resolved": "https://registry.npmjs.org/doctrine/-/doctrine-2.1.0.tgz",
      "integrity":
        "sha512-35mSku4ZXK0vfCuHEDAwt55dg2jNajHZ1odvF+8SSr82EsZY4QmXfuWso8oEd8zRhVObSN18aM0CjSdoBX7zIw==",
      "requires": {
        "esutils": "2.0.2"
      }
    },
    "emoji-regex": {
      "version": "6.5.1",
      "resolved":
        "https://registry.npmjs.org/emoji-regex/-/emoji-regex-6.5.1.tgz",
      "integrity":
        "sha512-PAHp6TxrCy7MGMFidro8uikr+zlJJKJ/Q6mm2ExZ7HwkyR9lSVFfE3kt36qcwa24BQL7y0G9axycGjK1A/0uNQ=="
    },
    "encoding": {
      "version": "0.1.12",
      "resolved": "https://registry.npmjs.org/encoding/-/encoding-0.1.12.tgz",
      "integrity": "sha1-U4tm8+5izRq1HsMjgp0flIDHS+s=",
      "requires": {
        "iconv-lite": "0.4.21"
      }
    },
    "es-abstract": {
      "version": "1.11.0",
      "resolved":
        "https://registry.npmjs.org/es-abstract/-/es-abstract-1.11.0.tgz",
      "integrity":
        "sha512-ZnQrE/lXTTQ39ulXZ+J1DTFazV9qBy61x2bY071B+qGco8Z8q1QddsLdt/EF8Ai9hcWH72dWS0kFqXLxOxqslA==",
      "requires": {
        "es-to-primitive": "1.1.1",
        "function-bind": "1.1.1",
        "has": "1.0.1",
        "is-callable": "1.1.3",
        "is-regex": "1.0.4"
      }
    },
    "es-to-primitive": {
      "version": "1.1.1",
      "resolved":
        "https://registry.npmjs.org/es-to-primitive/-/es-to-primitive-1.1.1.tgz",
      "integrity": "sha1-RTVSSKiJeQNLZ5Lhm7gfK3l13Q0=",
      "requires": {
        "is-callable": "1.1.3",
        "is-date-object": "1.0.1",
        "is-symbol": "1.0.1"
      }
    },
    "eslint-config-airbnb": {
      "version": "16.1.0",
      "resolved":
        "https://registry.npmjs.org/eslint-config-airbnb/-/eslint-config-airbnb-16.1.0.tgz",
      "integrity":
        "sha512-zLyOhVWhzB/jwbz7IPSbkUuj7X2ox4PHXTcZkEmDqTvd0baJmJyuxlFPDlZOE/Y5bC+HQRaEkT3FoHo9wIdRiw==",
      "requires": {
        "eslint-config-airbnb-base": "12.1.0"
      }
    },
    "eslint-config-airbnb-base": {
      "version": "12.1.0",
      "resolved":
        "https://registry.npmjs.org/eslint-config-airbnb-base/-/eslint-config-airbnb-base-12.1.0.tgz",
      "integrity":
        "sha512-/vjm0Px5ZCpmJqnjIzcFb9TKZrKWz0gnuG/7Gfkt0Db1ELJR51xkZth+t14rYdqWgX836XbuxtArbIHlVhbLBA==",
      "requires": {
        "eslint-restricted-globals": "0.1.1"
      }
    },
    "eslint-plugin-jsx-a11y": {
      "version": "6.0.3",
      "resolved":
        "https://registry.npmjs.org/eslint-plugin-jsx-a11y/-/eslint-plugin-jsx-a11y-6.0.3.tgz",
      "integrity": "sha1-VFg9GuRCSDFi4EDhPMMYZUZRAOU=",
      "requires": {
        "aria-query": "0.7.1",
        "array-includes": "3.0.3",
        "ast-types-flow": "0.0.7",
        "axobject-query": "0.1.0",
        "damerau-levenshtein": "1.0.4",
        "emoji-regex": "6.5.1",
        "jsx-ast-utils": "2.0.1"
      }
    },
    "eslint-plugin-react": {
      "version": "7.7.0",
      "resolved":
        "https://registry.npmjs.org/eslint-plugin-react/-/eslint-plugin-react-7.7.0.tgz",
      "integrity":
        "sha512-KC7Snr4YsWZD5flu6A5c0AcIZidzW3Exbqp7OT67OaD2AppJtlBr/GuPrW/vaQM/yfZotEvKAdrxrO+v8vwYJA==",
      "requires": {
        "doctrine": "2.1.0",
        "has": "1.0.1",
        "jsx-ast-utils": "2.0.1",
        "prop-types": "15.6.1"
      }
    },
    "eslint-restricted-globals": {
      "version": "0.1.1",
      "resolved":
        "https://registry.npmjs.org/eslint-restricted-globals/-/eslint-restricted-globals-0.1.1.tgz",
      "integrity": "sha1-NfDVy8ZMLj7WLpO0saevBbp+1Nc="
    },
    "esutils": {
      "version": "2.0.2",
      "resolved": "https://registry.npmjs.org/esutils/-/esutils-2.0.2.tgz",
      "integrity": "sha1-Cr9PHKpbyx96nYrMbepPqqBLrJs="
    },
    "fbjs": {
      "version": "0.8.16",
      "resolved": "https://registry.npmjs.org/fbjs/-/fbjs-0.8.16.tgz",
      "integrity": "sha1-XmdDL1UNxBtXK/VYR7ispk5TN9s=",
      "requires": {
        "core-js": "1.2.7",
        "isomorphic-fetch": "2.2.1",
        "loose-envify": "1.3.1",
        "object-assign": "4.1.1",
        "promise": "7.3.1",
        "setimmediate": "1.0.5",
        "ua-parser-js": "0.7.17"
      }
    },
    "foreach": {
      "version": "2.0.5",
      "resolved": "https://registry.npmjs.org/foreach/-/foreach-2.0.5.tgz",
      "integrity": "sha1-C+4AUBiusmDQo6865ljdATbsG5k="
    },
    "function-bind": {
      "version": "1.1.1",
      "resolved":
        "https://registry.npmjs.org/function-bind/-/function-bind-1.1.1.tgz",
      "integrity":
        "sha512-yIovAzMX49sF8Yl58fSCWJ5svSLuaibPxXQJFLmBObTuCr0Mf1KiPopGM9NiFjiYBCbfaa2Fh6breQ6ANVTI0A=="
    },
    "has": {
      "version": "1.0.1",
      "resolved": "https://registry.npmjs.org/has/-/has-1.0.1.tgz",
      "integrity": "sha1-hGFzP1OLCDfJNh45qauelwTcLyg=",
      "requires": {
        "function-bind": "1.1.1"
      }
    },
    "iconv-lite": {
      "version": "0.4.21",
      "resolved":
        "https://registry.npmjs.org/iconv-lite/-/iconv-lite-0.4.21.tgz",
      "integrity":
        "sha512-En5V9za5mBt2oUA03WGD3TwDv0MKAruqsuxstbMUZaj9W9k/m1CV/9py3l0L5kw9Bln8fdHQmzHSYtvpvTLpKw==",
      "requires": {
        "safer-buffer": "2.1.2"
      }
    },
    "is-callable": {
      "version": "1.1.3",
      "resolved":
        "https://registry.npmjs.org/is-callable/-/is-callable-1.1.3.tgz",
      "integrity": "sha1-hut1OSgF3cM69xySoO7fdO52BLI="
    },
    "is-date-object": {
      "version": "1.0.1",
      "resolved":
        "https://registry.npmjs.org/is-date-object/-/is-date-object-1.0.1.tgz",
      "integrity": "sha1-mqIOtq7rv/d/vTPnTKAbM1gdOhY="
    },
    "is-regex": {
      "version": "1.0.4",
      "resolved": "https://registry.npmjs.org/is-regex/-/is-regex-1.0.4.tgz",
      "integrity": "sha1-VRdIm1RwkbCTDglWVM7SXul+lJE=",
      "requires": {
        "has": "1.0.1"
      }
    },
    "is-stream": {
      "version": "1.1.0",
      "resolved": "https://registry.npmjs.org/is-stream/-/is-stream-1.1.0.tgz",
      "integrity": "sha1-EtSj3U5o4Lec6428hBc66A2RykQ="
    },
    "is-symbol": {
      "version": "1.0.1",
      "resolved": "https://registry.npmjs.org/is-symbol/-/is-symbol-1.0.1.tgz",
      "integrity": "sha1-PMWfAAJRlLarLjjbrmaJJWtmBXI="
    },
    "isomorphic-fetch": {
      "version": "2.2.1",
      "resolved":
        "https://registry.npmjs.org/isomorphic-fetch/-/isomorphic-fetch-2.2.1.tgz",
      "integrity": "sha1-YRrhrPFPXoH3KVB0coGf6XM1WKk=",
      "requires": {
        "node-fetch": "1.7.3",
        "whatwg-fetch": "2.0.4"
      }
    },
    "js-tokens": {
      "version": "3.0.2",
      "resolved": "https://registry.npmjs.org/js-tokens/-/js-tokens-3.0.2.tgz",
      "integrity": "sha1-mGbfOVECEw449/mWvOtlRDIJwls="
    },
    "jsx-ast-utils": {
      "version": "2.0.1",
      "resolved":
        "https://registry.npmjs.org/jsx-ast-utils/-/jsx-ast-utils-2.0.1.tgz",
      "integrity": "sha1-6AGxs5mF4g//yHtA43SAgOLcrH8=",
      "requires": {
        "array-includes": "3.0.3"
      }
    },
    "loose-envify": {
      "version": "1.3.1",
      "resolved":
        "https://registry.npmjs.org/loose-envify/-/loose-envify-1.3.1.tgz",
      "integrity": "sha1-0aitM/qc4OcT1l/dCsi3SNR4yEg=",
      "requires": {
        "js-tokens": "3.0.2"
      }
    },
    "node-fetch": {
      "version": "1.7.3",
      "resolved":
        "https://registry.npmjs.org/node-fetch/-/node-fetch-1.7.3.tgz",
      "integrity":
        "sha512-NhZ4CsKx7cYm2vSrBAr2PvFOe6sWDf0UYLRqA6svUYg7+/TSfVAu49jYC4BvQ4Sms9SZgdqGBgroqfDhJdTyKQ==",
      "requires": {
        "encoding": "0.1.12",
        "is-stream": "1.1.0"
      }
    },
    "object-assign": {
      "version": "4.1.1",
      "resolved":
        "https://registry.npmjs.org/object-assign/-/object-assign-4.1.1.tgz",
      "integrity": "sha1-IQmtx5ZYh8/AXLvUQsrIv7s2CGM="
    },
    "object-keys": {
      "version": "1.0.11",
      "resolved":
        "https://registry.npmjs.org/object-keys/-/object-keys-1.0.11.tgz",
      "integrity": "sha1-xUYBd4rVYPEULODgG8yotW0TQm0="
    },
    "promise": {
      "version": "7.3.1",
      "resolved": "https://registry.npmjs.org/promise/-/promise-7.3.1.tgz",
      "integrity":
        "sha512-nolQXZ/4L+bP/UGlkfaIujX9BKxGwmQ9OT4mOt5yvy8iK1h3wqTEJCijzGANTCCl9nWjY41juyAn2K3Q1hLLTg==",
      "requires": {
        "asap": "2.0.6"
      }
    },
    "prop-types": {
      "version": "15.6.1",
      "resolved":
        "https://registry.npmjs.org/prop-types/-/prop-types-15.6.1.tgz",
      "integrity":
        "sha512-4ec7bY1Y66LymSUOH/zARVYObB23AT2h8cf6e/O6ZALB/N0sqZFEx7rq6EYPX2MkOdKORuooI/H5k9TlR4q7kQ==",
      "requires": {
        "fbjs": "0.8.16",
        "loose-envify": "1.3.1",
        "object-assign": "4.1.1"
      }
    },
    "safer-buffer": {
      "version": "2.1.2",
      "resolved":
        "https://registry.npmjs.org/safer-buffer/-/safer-buffer-2.1.2.tgz",
      "integrity":
        "sha512-YZo3K82SD7Riyi0E1EQPojLz7kpepnSQI9IyPbHHg1XXXevb5dJI7tpyN2ADxGcQbHG7vcyRHk0cbwqcQriUtg=="
    },
    "setimmediate": {
      "version": "1.0.5",
      "resolved":
        "https://registry.npmjs.org/setimmediate/-/setimmediate-1.0.5.tgz",
      "integrity": "sha1-KQy7Iy4waULX1+qbg3Mqt4VvgoU="
    },
    "ua-parser-js": {
      "version": "0.7.17",
      "resolved":
        "https://registry.npmjs.org/ua-parser-js/-/ua-parser-js-0.7.17.tgz",
      "integrity":
        "sha512-uRdSdu1oA1rncCQL7sCj8vSyZkgtL7faaw9Tc9rZ3mGgraQ7+Pdx7w5mnOSF3gw9ZNG6oc+KXfkon3bKuROm0g=="
    },
    "whatwg-fetch": {
      "version": "2.0.4",
      "resolved":
        "https://registry.npmjs.org/whatwg-fetch/-/whatwg-fetch-2.0.4.tgz",
      "integrity":
        "sha512-dcQ1GWpOD/eEQ97k66aiEVpNnapVj90/+R+SXTPYGHpYBBypfKJEQjLrvMZ7YXbKm21gXd4NcuxUTjiv1YtLng=="
    }
  }
}
